// !$*UTF8*$!
{
	archiveVersion = 1;
	classes = {
	};
	objectVersion = 56;
	objects = {

/* Begin PBXBuildFile section */
		0A72F7A32BC244C600B121AC /* CheckInApp.swift in Sources */ = {isa = PBXBuildFile; fileRef = 0A72F7A22BC244C600B121AC /* CheckInApp.swift */; };
		0A72F7A52BC244C600B121AC /* ContentView.swift in Sources */ = {isa = PBXBuildFile; fileRef = 0A72F7A42BC244C600B121AC /* ContentView.swift */; };
		0A72F7A72BC244C800B121AC /* Assets.xcassets in Resources */ = {isa = PBXBuildFile; fileRef = 0A72F7A62BC244C800B121AC /* Assets.xcassets */; };
		0A72F7AA2BC244C800B121AC /* Preview Assets.xcassets in Resources */ = {isa = PBXBuildFile; fileRef = 0A72F7A92BC244C800B121AC /* Preview Assets.xcassets */; };
		0A72F7B22BC246A200B121AC /* FirebaseAuth in Frameworks */ = {isa = PBXBuildFile; productRef = 0A72F7B12BC246A200B121AC /* FirebaseAuth */; };
		0A72F7B42BC246A200B121AC /* FirebaseFirestore in Frameworks */ = {isa = PBXBuildFile; productRef = 0A72F7B32BC246A200B121AC /* FirebaseFirestore */; };
		0A72F7B62BC246A200B121AC /* FirebaseFirestoreSwift in Frameworks */ = {isa = PBXBuildFile; productRef = 0A72F7B52BC246A200B121AC /* FirebaseFirestoreSwift */; };
		0A72F7B82BC2482D00B121AC /* MessageButton.swift in Sources */ = {isa = PBXBuildFile; fileRef = 0A72F7B72BC2482D00B121AC /* MessageButton.swift */; };
		0A72F7BA2BC2486200B121AC /* MessageSelect.swift in Sources */ = {isa = PBXBuildFile; fileRef = 0A72F7B92BC2486200B121AC /* MessageSelect.swift */; };
		0A72F7BC2BC2487C00B121AC /* Alert.swift in Sources */ = {isa = PBXBuildFile; fileRef = 0A72F7BB2BC2487C00B121AC /* Alert.swift */; };
		0A72F7BE2BC24E2300B121AC /* GoogleService-Info.plist in Resources */ = {isa = PBXBuildFile; fileRef = 0A72F7BD2BC24E2300B121AC /* GoogleService-Info.plist */; };
		0A72F7C02BC24EC400B121AC /* DatabaseController.swift in Sources */ = {isa = PBXBuildFile; fileRef = 0A72F7BF2BC24EC400B121AC /* DatabaseController.swift */; };
		0A72F7C22BC24EE800B121AC /* DatabasePath.swift in Sources */ = {isa = PBXBuildFile; fileRef = 0A72F7C12BC24EE800B121AC /* DatabasePath.swift */; };
		0A72F7C42BC2505F00B121AC /* Message.swift in Sources */ = {isa = PBXBuildFile; fileRef = 0A72F7C32BC2505F00B121AC /* Message.swift */; };
		0A72F7C62BC2509000B121AC /* User.swift in Sources */ = {isa = PBXBuildFile; fileRef = 0A72F7C52BC2509000B121AC /* User.swift */; };
		0A72F7CA2BC2513C00B121AC /* UserController.swift in Sources */ = {isa = PBXBuildFile; fileRef = 0A72F7C92BC2513C00B121AC /* UserController.swift */; };
		0A72F7CC2BC2521300B121AC /* AppError.swift in Sources */ = {isa = PBXBuildFile; fileRef = 0A72F7CB2BC2521300B121AC /* AppError.swift */; };
		0A72F7CE2BC2585B00B121AC /* ListMessages.swift in Sources */ = {isa = PBXBuildFile; fileRef = 0A72F7CD2BC2585B00B121AC /* ListMessages.swift */; };
/* End PBXBuildFile section */

/* Begin PBXFileReference section */
		0A72F79F2BC244C600B121AC /* CheckIn.app */ = {isa = PBXFileReference; explicitFileType = wrapper.application; includeInIndex = 0; path = CheckIn.app; sourceTree = BUILT_PRODUCTS_DIR; };
		0A72F7A22BC244C600B121AC /* CheckInApp.swift */ = {isa = PBXFileReference; lastKnownFileType = sourcecode.swift; path = CheckInApp.swift; sourceTree = "<group>"; };
		0A72F7A42BC244C600B121AC /* ContentView.swift */ = {isa = PBXFileReference; lastKnownFileType = sourcecode.swift; path = ContentView.swift; sourceTree = "<group>"; };
		0A72F7A62BC244C800B121AC /* Assets.xcassets */ = {isa = PBXFileReference; lastKnownFileType = folder.assetcatalog; path = Assets.xcassets; sourceTree = "<group>"; };
		0A72F7A92BC244C800B121AC /* Preview Assets.xcassets */ = {isa = PBXFileReference; lastKnownFileType = folder.assetcatalog; path = "Preview Assets.xcassets"; sourceTree = "<group>"; };
		0A72F7B72BC2482D00B121AC /* MessageButton.swift */ = {isa = PBXFileReference; lastKnownFileType = sourcecode.swift; path = MessageButton.swift; sourceTree = "<group>"; };
		0A72F7B92BC2486200B121AC /* MessageSelect.swift */ = {isa = PBXFileReference; lastKnownFileType = sourcecode.swift; path = MessageSelect.swift; sourceTree = "<group>"; };
		0A72F7BB2BC2487C00B121AC /* Alert.swift */ = {isa = PBXFileReference; lastKnownFileType = sourcecode.swift; path = Alert.swift; sourceTree = "<group>"; };
		0A72F7BD2BC24E2300B121AC /* GoogleService-Info.plist */ = {isa = PBXFileReference; fileEncoding = 4; lastKnownFileType = text.plist.xml; path = "GoogleService-Info.plist"; sourceTree = "<group>"; };
		0A72F7BF2BC24EC400B121AC /* DatabaseController.swift */ = {isa = PBXFileReference; lastKnownFileType = sourcecode.swift; path = DatabaseController.swift; sourceTree = "<group>"; };
		0A72F7C12BC24EE800B121AC /* DatabasePath.swift */ = {isa = PBXFileReference; lastKnownFileType = sourcecode.swift; path = DatabasePath.swift; sourceTree = "<group>"; };
		0A72F7C32BC2505F00B121AC /* Message.swift */ = {isa = PBXFileReference; lastKnownFileType = sourcecode.swift; path = Message.swift; sourceTree = "<group>"; };
		0A72F7C52BC2509000B121AC /* User.swift */ = {isa = PBXFileReference; lastKnownFileType = sourcecode.swift; path = User.swift; sourceTree = "<group>"; };
		0A72F7C92BC2513C00B121AC /* UserController.swift */ = {isa = PBXFileReference; lastKnownFileType = sourcecode.swift; path = UserController.swift; sourceTree = "<group>"; };
		0A72F7CB2BC2521300B121AC /* AppError.swift */ = {isa = PBXFileReference; lastKnownFileType = sourcecode.swift; path = AppError.swift; sourceTree = "<group>"; };
		0A72F7CD2BC2585B00B121AC /* ListMessages.swift */ = {isa = PBXFileReference; lastKnownFileType = sourcecode.swift; path = ListMessages.swift; sourceTree = "<group>"; };
/* End PBXFileReference section */

/* Begin PBXFrameworksBuildPhase section */
		0A72F79C2BC244C600B121AC /* Frameworks */ = {
			isa = PBXFrameworksBuildPhase;
			buildActionMask = 2147483647;
			files = (
				0A72F7B22BC246A200B121AC /* FirebaseAuth in Frameworks */,
				0A72F7B42BC246A200B121AC /* FirebaseFirestore in Frameworks */,
				0A72F7B62BC246A200B121AC /* FirebaseFirestoreSwift in Frameworks */,
			);
			runOnlyForDeploymentPostprocessing = 0;
		};
/* End PBXFrameworksBuildPhase section */

/* Begin PBXGroup section */
		0A72F7962BC244C600B121AC = {
			isa = PBXGroup;
			children = (
				0A72F7A12BC244C600B121AC /* CheckIn */,
				0A72F7A02BC244C600B121AC /* Products */,
			);
			sourceTree = "<group>";
		};
		0A72F7A02BC244C600B121AC /* Products */ = {
			isa = PBXGroup;
			children = (
				0A72F79F2BC244C600B121AC /* CheckIn.app */,
			);
			name = Products;
			sourceTree = "<group>";
		};
		0A72F7A12BC244C600B121AC /* CheckIn */ = {
			isa = PBXGroup;
			children = (
				0A72F7A22BC244C600B121AC /* CheckInApp.swift */,
				0A72F7BF2BC24EC400B121AC /* DatabaseController.swift */,
				0A72F7C32BC2505F00B121AC /* Message.swift */,
				0A72F7C52BC2509000B121AC /* User.swift */,
				0A72F7C92BC2513C00B121AC /* UserController.swift */,
				0A72F7CB2BC2521300B121AC /* AppError.swift */,
				0A72F7C12BC24EE800B121AC /* DatabasePath.swift */,
				0A72F7A42BC244C600B121AC /* ContentView.swift */,
				0A72F7CD2BC2585B00B121AC /* ListMessages.swift */,
				0A72F7B72BC2482D00B121AC /* MessageButton.swift */,
				0A72F7B92BC2486200B121AC /* MessageSelect.swift */,
				0A72F7BB2BC2487C00B121AC /* Alert.swift */,
				0A72F7BD2BC24E2300B121AC /* GoogleService-Info.plist */,
				0A72F7A62BC244C800B121AC /* Assets.xcassets */,
				0A72F7A82BC244C800B121AC /* Preview Content */,
			);
			path = CheckIn;
			sourceTree = "<group>";
		};
		0A72F7A82BC244C800B121AC /* Preview Content */ = {
			isa = PBXGroup;
			children = (
				0A72F7A92BC244C800B121AC /* Preview Assets.xcassets */,
			);
			path = "Preview Content";
			sourceTree = "<group>";
		};
/* End PBXGroup section */

/* Begin PBXNativeTarget section */
		0A72F79E2BC244C600B121AC /* CheckIn */ = {
			isa = PBXNativeTarget;
			buildConfigurationList = 0A72F7AD2BC244C800B121AC /* Build configuration list for PBXNativeTarget "CheckIn" */;
			buildPhases = (
				0A72F79B2BC244C600B121AC /* Sources */,
				0A72F79C2BC244C600B121AC /* Frameworks */,
				0A72F79D2BC244C600B121AC /* Resources */,
			);
			buildRules = (
			);
			dependencies = (
			);
			name = CheckIn;
			packageProductDependencies = (
				0A72F7B12BC246A200B121AC /* FirebaseAuth */,
				0A72F7B32BC246A200B121AC /* FirebaseFirestore */,
				0A72F7B52BC246A200B121AC /* FirebaseFirestoreSwift */,
			);
			productName = CheckIn;
			productReference = 0A72F79F2BC244C600B121AC /* CheckIn.app */;
			productType = "com.apple.product-type.application";
		};
/* End PBXNativeTarget section */

/* Begin PBXProject section */
		0A72F7972BC244C600B121AC /* Project object */ = {
			isa = PBXProject;
			attributes = {
				BuildIndependentTargetsInParallel = 1;
				LastSwiftUpdateCheck = 1520;
				LastUpgradeCheck = 1520;
				TargetAttributes = {
					0A72F79E2BC244C600B121AC = {
						CreatedOnToolsVersion = 15.2;
					};
				};
			};
			buildConfigurationList = 0A72F79A2BC244C600B121AC /* Build configuration list for PBXProject "CheckIn" */;
			compatibilityVersion = "Xcode 14.0";
			developmentRegion = en;
			hasScannedForEncodings = 0;
			knownRegions = (
				en,
				Base,
			);
			mainGroup = 0A72F7962BC244C600B121AC;
			packageReferences = (
				0A72F7B02BC246A200B121AC /* XCRemoteSwiftPackageReference "firebase-ios-sdk" */,
			);
			productRefGroup = 0A72F7A02BC244C600B121AC /* Products */;
			projectDirPath = "";
			projectRoot = "";
			targets = (
				0A72F79E2BC244C600B121AC /* CheckIn */,
			);
		};
/* End PBXProject section */

/* Begin PBXResourcesBuildPhase section */
		0A72F79D2BC244C600B121AC /* Resources */ = {
			isa = PBXResourcesBuildPhase;
			buildActionMask = 2147483647;
			files = (
				0A72F7AA2BC244C800B121AC /* Preview Assets.xcassets in Resources */,
				0A72F7A72BC244C800B121AC /* Assets.xcassets in Resources */,
				0A72F7BE2BC24E2300B121AC /* GoogleService-Info.plist in Resources */,
			);
			runOnlyForDeploymentPostprocessing = 0;
		};
/* End PBXResourcesBuildPhase section */

/* Begin PBXSourcesBuildPhase section */
		0A72F79B2BC244C600B121AC /* Sources */ = {
			isa = PBXSourcesBuildPhase;
			buildActionMask = 2147483647;
			files = (
				0A72F7A52BC244C600B121AC /* ContentView.swift in Sources */,
				0A72F7A32BC244C600B121AC /* CheckInApp.swift in Sources */,
				0A72F7CA2BC2513C00B121AC /* UserController.swift in Sources */,
				0A72F7C02BC24EC400B121AC /* DatabaseController.swift in Sources */,
				0A72F7B82BC2482D00B121AC /* MessageButton.swift in Sources */,
				0A72F7BC2BC2487C00B121AC /* Alert.swift in Sources */,
				0A72F7C62BC2509000B121AC /* User.swift in Sources */,
				0A72F7C42BC2505F00B121AC /* Message.swift in Sources */,
				0A72F7CC2BC2521300B121AC /* AppError.swift in Sources */,
				0A72F7CE2BC2585B00B121AC /* ListMessages.swift in Sources */,
				0A72F7C22BC24EE800B121AC /* DatabasePath.swift in Sources */,
				0A72F7BA2BC2486200B121AC /* MessageSelect.swift in Sources */,
			);
			runOnlyForDeploymentPostprocessing = 0;
		};
/* End PBXSourcesBuildPhase section */

/* Begin XCBuildConfiguration section */
		0A72F7AB2BC244C800B121AC /* Debug */ = {
			isa = XCBuildConfiguration;
			buildSettings = {
				ALWAYS_SEARCH_USER_PATHS = NO;
				ASSETCATALOG_COMPILER_GENERATE_SWIFT_ASSET_SYMBOL_EXTENSIONS = YES;
				CLANG_ANALYZER_NONNULL = YES;
				CLANG_ANALYZER_NUMBER_OBJECT_CONVERSION = YES_AGGRESSIVE;
				CLANG_CXX_LANGUAGE_STANDARD = "gnu++20";
				CLANG_ENABLE_MODULES = YES;
				CLANG_ENABLE_OBJC_ARC = YES;
				CLANG_ENABLE_OBJC_WEAK = YES;
				CLANG_WARN_BLOCK_CAPTURE_AUTORELEASING = YES;
				CLANG_WARN_BOOL_CONVERSION = YES;
				CLANG_WARN_COMMA = YES;
				CLANG_WARN_CONSTANT_CONVERSION = YES;
				CLANG_WARN_DEPRECATED_OBJC_IMPLEMENTATIONS = YES;
				CLANG_WARN_DIRECT_OBJC_ISA_USAGE = YES_ERROR;
				CLANG_WARN_DOCUMENTATION_COMMENTS = YES;
				CLANG_WARN_EMPTY_BODY = YES;
				CLANG_WARN_ENUM_CONVERSION = YES;
				CLANG_WARN_INFINITE_RECURSION = YES;
				CLANG_WARN_INT_CONVERSION = YES;
				CLANG_WARN_NON_LITERAL_NULL_CONVERSION = YES;
				CLANG_WARN_OBJC_IMPLICIT_RETAIN_SELF = YES;
				CLANG_WARN_OBJC_LITERAL_CONVERSION = YES;
				CLANG_WARN_OBJC_ROOT_CLASS = YES_ERROR;
				CLANG_WARN_QUOTED_INCLUDE_IN_FRAMEWORK_HEADER = YES;
				CLANG_WARN_RANGE_LOOP_ANALYSIS = YES;
				CLANG_WARN_STRICT_PROTOTYPES = YES;
				CLANG_WARN_SUSPICIOUS_MOVE = YES;
				CLANG_WARN_UNGUARDED_AVAILABILITY = YES_AGGRESSIVE;
				CLANG_WARN_UNREACHABLE_CODE = YES;
				CLANG_WARN__DUPLICATE_METHOD_MATCH = YES;
				COPY_PHASE_STRIP = NO;
				DEBUG_INFORMATION_FORMAT = dwarf;
				ENABLE_STRICT_OBJC_MSGSEND = YES;
				ENABLE_TESTABILITY = YES;
				ENABLE_USER_SCRIPT_SANDBOXING = YES;
				GCC_C_LANGUAGE_STANDARD = gnu17;
				GCC_DYNAMIC_NO_PIC = NO;
				GCC_NO_COMMON_BLOCKS = YES;
				GCC_OPTIMIZATION_LEVEL = 0;
				GCC_PREPROCESSOR_DEFINITIONS = (
					"DEBUG=1",
					"$(inherited)",
				);
				GCC_WARN_64_TO_32_BIT_CONVERSION = YES;
				GCC_WARN_ABOUT_RETURN_TYPE = YES_ERROR;
				GCC_WARN_UNDECLARED_SELECTOR = YES;
				GCC_WARN_UNINITIALIZED_AUTOS = YES_AGGRESSIVE;
				GCC_WARN_UNUSED_FUNCTION = YES;
				GCC_WARN_UNUSED_VARIABLE = YES;
				IPHONEOS_DEPLOYMENT_TARGET = 17.2;
				LOCALIZATION_PREFERS_STRING_CATALOGS = YES;
				MTL_ENABLE_DEBUG_INFO = INCLUDE_SOURCE;
				MTL_FAST_MATH = YES;
				ONLY_ACTIVE_ARCH = YES;
				SDKROOT = iphoneos;
				SWIFT_ACTIVE_COMPILATION_CONDITIONS = "DEBUG $(inherited)";
				SWIFT_OPTIMIZATION_LEVEL = "-Onone";
			};
			name = Debug;
		};
		0A72F7AC2BC244C800B121AC /* Release */ = {
			isa = XCBuildConfiguration;
			buildSettings = {
				ALWAYS_SEARCH_USER_PATHS = NO;
				ASSETCATALOG_COMPILER_GENERATE_SWIFT_ASSET_SYMBOL_EXTENSIONS = YES;
				CLANG_ANALYZER_NONNULL = YES;
				CLANG_ANALYZER_NUMBER_OBJECT_CONVERSION = YES_AGGRESSIVE;
				CLANG_CXX_LANGUAGE_STANDARD = "gnu++20";
				CLANG_ENABLE_MODULES = YES;
				CLANG_ENABLE_OBJC_ARC = YES;
				CLANG_ENABLE_OBJC_WEAK = YES;
				CLANG_WARN_BLOCK_CAPTURE_AUTORELEASING = YES;
				CLANG_WARN_BOOL_CONVERSION = YES;
				CLANG_WARN_COMMA = YES;
				CLANG_WARN_CONSTANT_CONVERSION = YES;
				CLANG_WARN_DEPRECATED_OBJC_IMPLEMENTATIONS = YES;
				CLANG_WARN_DIRECT_OBJC_ISA_USAGE = YES_ERROR;
				CLANG_WARN_DOCUMENTATION_COMMENTS = YES;
				CLANG_WARN_EMPTY_BODY = YES;
				CLANG_WARN_ENUM_CONVERSION = YES;
				CLANG_WARN_INFINITE_RECURSION = YES;
				CLANG_WARN_INT_CONVERSION = YES;
				CLANG_WARN_NON_LITERAL_NULL_CONVERSION = YES;
				CLANG_WARN_OBJC_IMPLICIT_RETAIN_SELF = YES;
				CLANG_WARN_OBJC_LITERAL_CONVERSION = YES;
				CLANG_WARN_OBJC_ROOT_CLASS = YES_ERROR;
				CLANG_WARN_QUOTED_INCLUDE_IN_FRAMEWORK_HEADER = YES;
				CLANG_WARN_RANGE_LOOP_ANALYSIS = YES;
				CLANG_WARN_STRICT_PROTOTYPES = YES;
				CLANG_WARN_SUSPICIOUS_MOVE = YES;
				CLANG_WARN_UNGUARDED_AVAILABILITY = YES_AGGRESSIVE;
				CLANG_WARN_UNREACHABLE_CODE = YES;
				CLANG_WARN__DUPLICATE_METHOD_MATCH = YES;
				COPY_PHASE_STRIP = NO;
				DEBUG_INFORMATION_FORMAT = "dwarf-with-dsym";
				ENABLE_NS_ASSERTIONS = NO;
				ENABLE_STRICT_OBJC_MSGSEND = YES;
				ENABLE_USER_SCRIPT_SANDBOXING = YES;
				GCC_C_LANGUAGE_STANDARD = gnu17;
				GCC_NO_COMMON_BLOCKS = YES;
				GCC_WARN_64_TO_32_BIT_CONVERSION = YES;
				GCC_WARN_ABOUT_RETURN_TYPE = YES_ERROR;
				GCC_WARN_UNDECLARED_SELECTOR = YES;
				GCC_WARN_UNINITIALIZED_AUTOS = YES_AGGRESSIVE;
				GCC_WARN_UNUSED_FUNCTION = YES;
				GCC_WARN_UNUSED_VARIABLE = YES;
				IPHONEOS_DEPLOYMENT_TARGET = 17.2;
				LOCALIZATION_PREFERS_STRING_CATALOGS = YES;
				MTL_ENABLE_DEBUG_INFO = NO;
				MTL_FAST_MATH = YES;
				SDKROOT = iphoneos;
				SWIFT_COMPILATION_MODE = wholemodule;
				VALIDATE_PRODUCT = YES;
			};
			name = Release;
		};
		0A72F7AE2BC244C800B121AC /* Debug */ = {
			isa = XCBuildConfiguration;
			buildSettings = {
				ASSETCATALOG_COMPILER_APPICON_NAME = AppIcon;
				ASSETCATALOG_COMPILER_GLOBAL_ACCENT_COLOR_NAME = AccentColor;
				CODE_SIGN_STYLE = Automatic;
				CURRENT_PROJECT_VERSION = 1;
				DEVELOPMENT_ASSET_PATHS = "\"CheckIn/Preview Content\"";
				DEVELOPMENT_TEAM = 8SURMBXUZV;
				ENABLE_PREVIEWS = YES;
				GENERATE_INFOPLIST_FILE = YES;
				INFOPLIST_KEY_CFBundleDisplayName = "Check In";
				INFOPLIST_KEY_UIApplicationSceneManifest_Generation = YES;
				INFOPLIST_KEY_UIApplicationSupportsIndirectInputEvents = YES;
				INFOPLIST_KEY_UILaunchScreen_Generation = YES;
				INFOPLIST_KEY_UISupportedInterfaceOrientations = UIInterfaceOrientationPortrait;
				INFOPLIST_KEY_UISupportedInterfaceOrientations_iPad = "UIInterfaceOrientationLandscapeLeft UIInterfaceOrientationLandscapeRight UIInterfaceOrientationPortrait UIInterfaceOrientationPortraitUpsideDown";
				LD_RUNPATH_SEARCH_PATHS = (
					"$(inherited)",
					"@executable_path/Frameworks",
				);
				MARKETING_VERSION = 1.0;
				PRODUCT_BUNDLE_IDENTIFIER = ParkLane.CheckIn;
				PRODUCT_NAME = "$(TARGET_NAME)";
				SUPPORTED_PLATFORMS = "iphoneos iphonesimulator";
				SUPPORTS_MACCATALYST = NO;
				SUPPORTS_MAC_DESIGNED_FOR_IPHONE_IPAD = NO;
				SUPPORTS_XR_DESIGNED_FOR_IPHONE_IPAD = NO;
				SWIFT_EMIT_LOC_STRINGS = YES;
				SWIFT_VERSION = 5.0;
				TARGETED_DEVICE_FAMILY = 1;
			};
			name = Debug;
		};
		0A72F7AF2BC244C800B121AC /* Release */ = {
			isa = XCBuildConfiguration;
			buildSettings = {
				ASSETCATALOG_COMPILER_APPICON_NAME = AppIcon;
				ASSETCATALOG_COMPILER_GLOBAL_ACCENT_COLOR_NAME = AccentColor;
				CODE_SIGN_STYLE = Automatic;
				CURRENT_PROJECT_VERSION = 1;
				DEVELOPMENT_ASSET_PATHS = "\"CheckIn/Preview Content\"";
				DEVELOPMENT_TEAM = 8SURMBXUZV;
				ENABLE_PREVIEWS = YES;
				GENERATE_INFOPLIST_FILE = YES;
				INFOPLIST_KEY_CFBundleDisplayName = "Check In";
				INFOPLIST_KEY_UIApplicationSceneManifest_Generation = YES;
				INFOPLIST_KEY_UIApplicationSupportsIndirectInputEvents = YES;
				INFOPLIST_KEY_UILaunchScreen_Generation = YES;
				INFOPLIST_KEY_UISupportedInterfaceOrientations = UIInterfaceOrientationPortrait;
				INFOPLIST_KEY_UISupportedInterfaceOrientations_iPad = "UIInterfaceOrientationLandscapeLeft UIInterfaceOrientationLandscapeRight UIInterfaceOrientationPortrait UIInterfaceOrientationPortraitUpsideDown";
				LD_RUNPATH_SEARCH_PATHS = (
					"$(inherited)",
					"@executable_path/Frameworks",
				);
				MARKETING_VERSION = 1.0;
				PRODUCT_BUNDLE_IDENTIFIER = ParkLane.CheckIn;
				PRODUCT_NAME = "$(TARGET_NAME)";
				SUPPORTED_PLATFORMS = "iphoneos iphonesimulator";
				SUPPORTS_MACCATALYST = NO;
				SUPPORTS_MAC_DESIGNED_FOR_IPHONE_IPAD = NO;
				SUPPORTS_XR_DESIGNED_FOR_IPHONE_IPAD = NO;
				SWIFT_EMIT_LOC_STRINGS = YES;
				SWIFT_VERSION = 5.0;
				TARGETED_DEVICE_FAMILY = 1;
			};
			name = Release;
		};
/* End XCBuildConfiguration section */

/* Begin XCConfigurationList section */
		0A72F79A2BC244C600B121AC /* Build configuration list for PBXProject "CheckIn" */ = {
			isa = XCConfigurationList;
			buildConfigurations = (
				0A72F7AB2BC244C800B121AC /* Debug */,
				0A72F7AC2BC244C800B121AC /* Release */,
			);
			defaultConfigurationIsVisible = 0;
			defaultConfigurationName = Release;
		};
		0A72F7AD2BC244C800B121AC /* Build configuration list for PBXNativeTarget "CheckIn" */ = {
			isa = XCConfigurationList;
			buildConfigurations = (
				0A72F7AE2BC244C800B121AC /* Debug */,
				0A72F7AF2BC244C800B121AC /* Release */,
			);
			defaultConfigurationIsVisible = 0;
			defaultConfigurationName = Release;
		};
/* End XCConfigurationList section */

/* Begin XCRemoteSwiftPackageReference section */
		0A72F7B02BC246A200B121AC /* XCRemoteSwiftPackageReference "firebase-ios-sdk" */ = {
			isa = XCRemoteSwiftPackageReference;
			repositoryURL = "https://github.com/firebase/firebase-ios-sdk";
			requirement = {
				kind = upToNextMajorVersion;
				minimumVersion = 10.23.1;
			};
		};
/* End XCRemoteSwiftPackageReference section */

/* Begin XCSwiftPackageProductDependency section */
		0A72F7B12BC246A200B121AC /* FirebaseAuth */ = {
			isa = XCSwiftPackageProductDependency;
			package = 0A72F7B02BC246A200B121AC /* XCRemoteSwiftPackageReference "firebase-ios-sdk" */;
			productName = FirebaseAuth;
		};
		0A72F7B32BC246A200B121AC /* FirebaseFirestore */ = {
			isa = XCSwiftPackageProductDependency;
			package = 0A72F7B02BC246A200B121AC /* XCRemoteSwiftPackageReference "firebase-ios-sdk" */;
			productName = FirebaseFirestore;
		};
		0A72F7B52BC246A200B121AC /* FirebaseFirestoreSwift */ = {
			isa = XCSwiftPackageProductDependency;
			package = 0A72F7B02BC246A200B121AC /* XCRemoteSwiftPackageReference "firebase-ios-sdk" */;
			productName = FirebaseFirestoreSwift;
		};
/* End XCSwiftPackageProductDependency section */
	};
	rootObject = 0A72F7972BC244C600B121AC /* Project object */;
}
